{
    "_readme": [
        "This file locks the dependencies of your project to a known state",
        "Read more about it at https://getcomposer.org/doc/01-basic-usage.md#installing-dependencies",
        "This file is @generated automatically"
    ],
    "content-hash": "a7507f10d82a0b5dd83b59aeb483327a",
    "packages": [
        {
            "name": "phpoole/theme-hyde",
            "version": "1.9.0",
            "source": {
                "type": "git",
                "url": "https://github.com/PHPoole/theme-hyde.git",
                "reference": "dc778a83e09f5bc7d77604a65b80b01dc821d1e4"
            },
            "dist": {
                "type": "zip",
                "url": "https://api.github.com/repos/PHPoole/theme-hyde/zipball/dc778a83e09f5bc7d77604a65b80b01dc821d1e4",
                "reference": "dc778a83e09f5bc7d77604a65b80b01dc821d1e4",
                "shasum": ""
            },
            "require": {
                "phpoole/theme-installer": "^1.2"
            },
            "type": "phpoole-theme",
            "extra": {
                "name": "hyde",
                "branch-alias": {
                    "dev-master": "1.x-dev"
                }
            },
            "notification-url": "https://packagist.org/downloads/",
            "license": [
                "MIT"
            ],
            "description": "PHPoole Hyde theme",
            "keywords": [
                "Hyde",
                "phpoole",
                "theme"
            ],
            "time": "2018-01-15T23:07:05+00:00"
        },
        {
            "name": "phpoole/theme-installer",
            "version": "1.2.0",
            "source": {
                "type": "git",
                "url": "https://github.com/PHPoole/theme-installer.git",
                "reference": "bcad945ccf467351dcbf2765c99394ba33d6bf2f"
            },
            "dist": {
                "type": "zip",
                "url": "https://api.github.com/repos/PHPoole/theme-installer/zipball/bcad945ccf467351dcbf2765c99394ba33d6bf2f",
                "reference": "bcad945ccf467351dcbf2765c99394ba33d6bf2f",
                "shasum": ""
            },
            "require": {
                "composer-plugin-api": "^1.0"
            },
            "type": "composer-plugin",
            "extra": {
                "class": "PHPoole\\PHPoole\\Composer\\PHPoolePlugin",
                "branch-alias": {
                    "dev-master": "1.x-dev"
                }
            },
            "autoload": {
                "psr-0": {
                    "PHPoole\\PHPoole\\Composer": "src/"
                }
            },
            "notification-url": "https://packagist.org/downloads/",
            "license": [
                "MIT"
            ],
            "authors": [
                {
                    "name": "Arnaud Ligny",
                    "email": "arnaud@ligny.org",
                    "homepage": "http://narno.org",
                    "role": "Developer"
                }
            ],
            "description": "Installer for PHPoole themes",
            "keywords": [
                "installer",
                "phpoole",
                "themes"
            ],
            "time": "2018-01-15T17:40:29+00:00"
        },
        {
            "name": "symfony/polyfill-ctype",
            "version": "v1.8.0",
            "source": {
                "type": "git",
                "url": "https://github.com/symfony/polyfill-ctype.git",
                "reference": "7cc359f1b7b80fc25ed7796be7d96adc9b354bae"
            },
            "dist": {
                "type": "zip",
                "url": "https://api.github.com/repos/symfony/polyfill-ctype/zipball/7cc359f1b7b80fc25ed7796be7d96adc9b354bae",
                "reference": "7cc359f1b7b80fc25ed7796be7d96adc9b354bae",
                "shasum": ""
            },
            "require": {
                "php": ">=5.3.3"
            },
            "type": "library",
            "extra": {
                "branch-alias": {
                    "dev-master": "1.8-dev"
                }
            },
            "autoload": {
                "psr-4": {
                    "Symfony\\Polyfill\\Ctype\\": ""
                },
                "files": [
                    "bootstrap.php"
                ]
            },
            "notification-url": "https://packagist.org/downloads/",
            "license": [
                "MIT"
            ],
            "authors": [
                {
                    "name": "Symfony Community",
                    "homepage": "https://symfony.com/contributors"
                },
                {
                    "name": "Gert de Pagter",
                    "email": "BackEndTea@gmail.com"
                }
            ],
            "description": "Symfony polyfill for ctype functions",
            "homepage": "https://symfony.com",
            "keywords": [
                "compatibility",
                "ctype",
                "polyfill",
                "portable"
            ],
            "time": "2018-04-30T19:57:29+00:00"
        },
        {
            "name": "symfony/yaml",
            "version": "v3.4.11",
            "source": {
                "type": "git",
                "url": "https://github.com/symfony/yaml.git",
                "reference": "c5010cc1692ce1fa328b1fb666961eb3d4a85bb0"
            },
            "dist": {
                "type": "zip",
                "url": "https://api.github.com/repos/symfony/yaml/zipball/c5010cc1692ce1fa328b1fb666961eb3d4a85bb0",
                "reference": "c5010cc1692ce1fa328b1fb666961eb3d4a85bb0",
                "shasum": ""
            },
            "require": {
                "php": "^5.5.9|>=7.0.8",
                "symfony/polyfill-ctype": "~1.8"
            },
            "conflict": {
                "symfony/console": "<3.4"
            },
            "require-dev": {
                "symfony/console": "~3.4|~4.0"
            },
            "suggest": {
                "symfony/console": "For validating YAML files using the lint command"
            },
            "type": "library",
            "extra": {
                "branch-alias": {
                    "dev-master": "3.4-dev"
                }
            },
            "autoload": {
                "psr-4": {
                    "Symfony\\Component\\Yaml\\": ""
                },
                "exclude-from-classmap": [
                    "/Tests/"
                ]
            },
            "notification-url": "https://packagist.org/downloads/",
            "license": [
                "MIT"
            ],
            "authors": [
                {
                    "name": "Fabien Potencier",
                    "email": "fabien@symfony.com"
                },
                {
                    "name": "Symfony Community",
                    "homepage": "https://symfony.com/contributors"
                }
            ],
            "description": "Symfony Yaml Component",
            "homepage": "https://symfony.com",
            "time": "2018-05-03T23:18:14+00:00"
        }
    ],
    "packages-dev": [
        {
            "name": "cocur/slugify",
            "version": "v3.1",
            "source": {
                "type": "git",
                "url": "https://github.com/cocur/slugify.git",
                "reference": "b2ccf7b735f4f3df3979aef2e1ebf8e19ca772f7"
            },
            "dist": {
                "type": "zip",
                "url": "https://api.github.com/repos/cocur/slugify/zipball/b2ccf7b735f4f3df3979aef2e1ebf8e19ca772f7",
                "reference": "b2ccf7b735f4f3df3979aef2e1ebf8e19ca772f7",
                "shasum": ""
            },
            "require": {
                "ext-mbstring": "*",
                "php": ">=5.5.9"
            },
            "require-dev": {
                "laravel/framework": "~5.1",
                "latte/latte": "~2.2",
                "league/container": "^2.2.0",
                "mikey179/vfsstream": "~1.6",
                "mockery/mockery": "~0.9",
                "nette/di": "~2.2",
                "phpunit/phpunit": "~4.8|~5.2",
                "pimple/pimple": "~1.1",
                "plumphp/plum": "~0.1",
                "silex/silex": "~1.3",
                "symfony/config": "~2.4|~3.0",
                "symfony/dependency-injection": "~2.4|~3.0",
                "symfony/http-kernel": "~2.4|~3.0",
                "twig/twig": "~1.26|~2.0",
                "zendframework/zend-modulemanager": "~2.2",
                "zendframework/zend-servicemanager": "~2.2",
                "zendframework/zend-view": "~2.2"
            },
            "type": "library",
            "autoload": {
                "psr-4": {
                    "Cocur\\Slugify\\": "src"
                }
            },
            "notification-url": "https://packagist.org/downloads/",
            "license": [
                "MIT"
            ],
            "authors": [
                {
                    "name": "Ivo Bathke",
                    "email": "ivo.bathke@gmail.com"
                },
                {
                    "name": "Florian Eckerstorfer",
                    "email": "florian@eckerstorfer.co",
                    "homepage": "https://florian.ec"
                }
            ],
            "description": "Converts a string into a slug.",
            "keywords": [
                "slug",
                "slugify"
            ],
            "time": "2018-01-22T09:00:48+00:00"
        },
        {
            "name": "dflydev/dot-access-data",
            "version": "v2.0.0",
            "source": {
                "type": "git",
                "url": "https://github.com/dflydev/dflydev-dot-access-data.git",
                "reference": "70a44e8a46c7943118cbbf741ef3411d84e38c81"
            },
            "dist": {
                "type": "zip",
                "url": "https://api.github.com/repos/dflydev/dflydev-dot-access-data/zipball/70a44e8a46c7943118cbbf741ef3411d84e38c81",
                "reference": "70a44e8a46c7943118cbbf741ef3411d84e38c81",
                "shasum": ""
            },
            "require": {
                "php": "^7.0"
            },
            "require-dev": {
                "phpunit/phpunit": "^6.0"
            },
            "type": "library",
            "extra": {
                "branch-alias": {
                    "dev-master": "2.0-dev"
                }
            },
            "autoload": {
                "psr-4": {
                    "Dflydev\\DotAccessData\\": "src/"
                }
            },
            "notification-url": "https://packagist.org/downloads/",
            "license": [
                "MIT"
            ],
            "authors": [
                {
                    "name": "Dragonfly Development Inc.",
                    "email": "info@dflydev.com",
                    "homepage": "http://dflydev.com"
                },
                {
                    "name": "Beau Simensen",
                    "email": "beau@dflydev.com",
                    "homepage": "http://beausimensen.com"
                },
                {
                    "name": "Carlos Frutos",
                    "email": "carlos@kiwing.it",
                    "homepage": "https://github.com/cfrutos"
                }
            ],
            "description": "Given a deep data structure, access data by dot notation.",
            "homepage": "https://github.com/dflydev/dflydev-dot-access-data",
            "keywords": [
                "access",
                "data",
                "dot",
                "notation"
            ],
            "time": "2017-12-21T14:08:21+00:00"
        },
        {
            "name": "erusev/parsedown",
            "version": "1.7.1",
            "source": {
                "type": "git",
                "url": "https://github.com/erusev/parsedown.git",
                "reference": "92e9c27ba0e74b8b028b111d1b6f956a15c01fc1"
            },
            "dist": {
                "type": "zip",
                "url": "https://api.github.com/repos/erusev/parsedown/zipball/92e9c27ba0e74b8b028b111d1b6f956a15c01fc1",
                "reference": "92e9c27ba0e74b8b028b111d1b6f956a15c01fc1",
                "shasum": ""
            },
            "require": {
                "ext-mbstring": "*",
                "php": ">=5.3.0"
            },
            "require-dev": {
                "phpunit/phpunit": "^4.8.35"
            },
            "type": "library",
            "autoload": {
                "psr-0": {
                    "Parsedown": ""
                }
            },
            "notification-url": "https://packagist.org/downloads/",
            "license": [
                "MIT"
            ],
            "authors": [
                {
                    "name": "Emanuil Rusev",
                    "email": "hello@erusev.com",
                    "homepage": "http://erusev.com"
                }
            ],
            "description": "Parser for Markdown.",
            "homepage": "http://parsedown.org",
            "keywords": [
                "markdown",
                "parser"
            ],
            "time": "2018-03-08T01:11:30+00:00"
        },
        {
            "name": "erusev/parsedown-extra",
            "version": "0.7.1",
            "source": {
                "type": "git",
                "url": "https://github.com/erusev/parsedown-extra.git",
                "reference": "0db5cce7354e4b76f155d092ab5eb3981c21258c"
            },
            "dist": {
                "type": "zip",
                "url": "https://api.github.com/repos/erusev/parsedown-extra/zipball/0db5cce7354e4b76f155d092ab5eb3981c21258c",
                "reference": "0db5cce7354e4b76f155d092ab5eb3981c21258c",
                "shasum": ""
            },
            "require": {
                "erusev/parsedown": "~1.4"
            },
            "type": "library",
            "autoload": {
                "psr-0": {
                    "ParsedownExtra": ""
                }
            },
            "notification-url": "https://packagist.org/downloads/",
            "license": [
                "MIT"
            ],
            "authors": [
                {
                    "name": "Emanuil Rusev",
                    "email": "hello@erusev.com",
                    "homepage": "http://erusev.com"
                }
            ],
            "description": "An extension of Parsedown that adds support for Markdown Extra.",
            "homepage": "https://github.com/erusev/parsedown-extra",
            "keywords": [
                "markdown",
                "markdown extra",
                "parsedown",
                "parser"
            ],
            "time": "2015-11-01T10:19:22+00:00"
        },
        {
            "name": "fzaninotto/faker",
            "version": "v1.8.0",
            "source": {
                "type": "git",
                "url": "https://github.com/fzaninotto/Faker.git",
                "reference": "f72816b43e74063c8b10357394b6bba8cb1c10de"
            },
            "dist": {
                "type": "zip",
                "url": "https://api.github.com/repos/fzaninotto/Faker/zipball/f72816b43e74063c8b10357394b6bba8cb1c10de",
                "reference": "f72816b43e74063c8b10357394b6bba8cb1c10de",
                "shasum": ""
            },
            "require": {
                "php": "^5.3.3 || ^7.0"
            },
            "require-dev": {
                "ext-intl": "*",
                "phpunit/phpunit": "^4.8.35 || ^5.7",
                "squizlabs/php_codesniffer": "^1.5"
            },
            "type": "library",
            "extra": {
                "branch-alias": {
                    "dev-master": "1.8-dev"
                }
            },
            "autoload": {
                "psr-4": {
                    "Faker\\": "src/Faker/"
                }
            },
            "notification-url": "https://packagist.org/downloads/",
            "license": [
                "MIT"
            ],
            "authors": [
                {
                    "name": "François Zaninotto"
                }
            ],
            "description": "Faker is a PHP library that generates fake data for you.",
            "keywords": [
                "data",
                "faker",
                "fixtures"
            ],
            "time": "2018-07-12T10:23:15+00:00"
        },
        {
            "name": "leafo/scssphp",
            "version": "v0.7.6",
            "source": {
                "type": "git",
                "url": "https://github.com/leafo/scssphp.git",
                "reference": "585f6ae84de62ffecf69c23805f25d78d7e4b794"
            },
            "dist": {
                "type": "zip",
                "url": "https://api.github.com/repos/leafo/scssphp/zipball/585f6ae84de62ffecf69c23805f25d78d7e4b794",
                "reference": "585f6ae84de62ffecf69c23805f25d78d7e4b794",
                "shasum": ""
            },
            "require": {
                "php": ">=5.4.0"
            },
            "require-dev": {
                "phpunit/phpunit": "~4.6",
                "squizlabs/php_codesniffer": "~2.5"
            },
            "bin": [
                "bin/pscss"
            ],
            "type": "library",
            "autoload": {
                "psr-4": {
                    "Leafo\\ScssPhp\\": "src/"
                }
            },
            "notification-url": "https://packagist.org/downloads/",
            "license": [
                "MIT"
            ],
            "authors": [
                {
                    "name": "Leaf Corcoran",
                    "email": "leafot@gmail.com",
                    "homepage": "http://leafo.net"
                }
            ],
            "description": "scssphp is a compiler for SCSS written in PHP.",
            "homepage": "http://leafo.github.io/scssphp/",
            "keywords": [
                "css",
                "less",
                "sass",
                "scss",
                "stylesheet"
            ],
            "time": "2018-05-24T02:18:53+00:00"
        },
        {
            "name": "matthiasmullie/minify",
            "version": "1.3.60",
            "source": {
                "type": "git",
                "url": "https://github.com/matthiasmullie/minify.git",
                "reference": "ab7fea80ce5ce6549baaf272bc8bd926a7e08f90"
            },
            "dist": {
                "type": "zip",
                "url": "https://api.github.com/repos/matthiasmullie/minify/zipball/ab7fea80ce5ce6549baaf272bc8bd926a7e08f90",
                "reference": "ab7fea80ce5ce6549baaf272bc8bd926a7e08f90",
                "shasum": ""
            },
            "require": {
                "ext-pcre": "*",
                "matthiasmullie/path-converter": "~1.1",
                "php": ">=5.3.0"
            },
            "require-dev": {
                "friendsofphp/php-cs-fixer": "~2.0",
                "matthiasmullie/scrapbook": "~1.0",
                "phpunit/phpunit": "~4.8"
            },
            "suggest": {
                "psr/cache-implementation": "Cache implementation to use with Minify::cache"
            },
            "bin": [
                "bin/minifycss",
                "bin/minifyjs"
            ],
            "type": "library",
            "autoload": {
                "psr-4": {
                    "MatthiasMullie\\Minify\\": "src/"
                }
            },
            "notification-url": "https://packagist.org/downloads/",
            "license": [
                "MIT"
            ],
            "authors": [
                {
                    "name": "Matthias Mullie",
                    "email": "minify@mullie.eu",
                    "homepage": "http://www.mullie.eu",
                    "role": "Developer"
                }
            ],
            "description": "CSS & JavaScript minifier, in PHP. Removes whitespace, strips comments, combines files (incl. @import statements and small assets in CSS files), and optimizes/shortens a few common programming patterns.",
            "homepage": "http://www.minifier.org",
            "keywords": [
                "JS",
                "css",
                "javascript",
                "minifier",
                "minify"
            ],
            "time": "2018-04-18T08:50:35+00:00"
        },
        {
            "name": "matthiasmullie/path-converter",
            "version": "1.1.1",
            "source": {
                "type": "git",
                "url": "https://github.com/matthiasmullie/path-converter.git",
                "reference": "3082a6838be02b930239a97d38b5c9da4d693aca"
            },
            "dist": {
                "type": "zip",
                "url": "https://api.github.com/repos/matthiasmullie/path-converter/zipball/3082a6838be02b930239a97d38b5c9da4d693aca",
                "reference": "3082a6838be02b930239a97d38b5c9da4d693aca",
                "shasum": ""
            },
            "require": {
                "ext-pcre": "*",
                "php": ">=5.3.0"
            },
            "require-dev": {
                "phpunit/phpunit": "~4.8"
            },
            "type": "library",
            "autoload": {
                "psr-4": {
                    "MatthiasMullie\\PathConverter\\": "src/"
                }
            },
            "notification-url": "https://packagist.org/downloads/",
            "license": [
                "MIT"
            ],
            "authors": [
                {
                    "name": "Matthias Mullie",
                    "email": "pathconverter@mullie.eu",
                    "homepage": "http://www.mullie.eu",
                    "role": "Developer"
                }
            ],
            "description": "Relative path converter",
            "homepage": "http://github.com/matthiasmullie/path-converter",
            "keywords": [
                "converter",
                "path",
                "paths",
                "relative"
            ],
            "time": "2018-02-02T11:30:10+00:00"
        },
        {
            "name": "myclabs/php-enum",
            "version": "1.6.1",
            "source": {
                "type": "git",
                "url": "https://github.com/myclabs/php-enum.git",
                "reference": "8c5649e4ed99acd53a40eada270154dcac089f7e"
            },
            "dist": {
                "type": "zip",
                "url": "https://api.github.com/repos/myclabs/php-enum/zipball/8c5649e4ed99acd53a40eada270154dcac089f7e",
                "reference": "8c5649e4ed99acd53a40eada270154dcac089f7e",
                "shasum": ""
            },
            "require": {
                "php": ">=5.4"
            },
            "require-dev": {
                "phpunit/phpunit": "^4.8.35|^5.7|^6.0",
                "squizlabs/php_codesniffer": "1.*"
            },
            "type": "library",
            "autoload": {
                "psr-4": {
                    "MyCLabs\\Enum\\": "src/"
                }
            },
            "notification-url": "https://packagist.org/downloads/",
            "license": [
                "MIT"
            ],
            "authors": [
                {
                    "name": "PHP Enum contributors",
                    "homepage": "https://github.com/myclabs/php-enum/graphs/contributors"
                }
            ],
            "description": "PHP Enum implementation",
            "homepage": "http://github.com/myclabs/php-enum",
            "keywords": [
                "enum"
            ],
            "time": "2018-05-09T08:09:15+00:00"
        },
        {
            "name": "phpoole/faker",
            "version": "1.2.0",
            "source": {
                "type": "git",
                "url": "https://github.com/PHPoole/faker",
                "reference": "bd25586d739d115f25d17633916fb8ae0771b745"
            },
            "require": {
                "fzaninotto/faker": "^1.8"
            },
            "bin": [
                "bin/faker"
            ],
            "type": "library",
            "license": [
                "MIT"
            ],
            "description": "PHPoole faker",
            "time": "2018-07-13T13:25:09+00:00"
        },
        {
            "name": "phpoole/library",
            "version": "1.11.0",
            "source": {
                "type": "git",
                "url": "https://github.com/PHPoole/library.git",
                "reference": "4f217dfb8180100c388326787def01abf0630390"
            },
            "dist": {
                "type": "zip",
                "url": "https://api.github.com/repos/PHPoole/library/zipball/4f217dfb8180100c388326787def01abf0630390",
                "reference": "4f217dfb8180100c388326787def01abf0630390",
                "shasum": ""
            },
            "require": {
                "cocur/slugify": "3.1",
                "dflydev/dot-access-data": "1.1.0|2.0.0",
                "erusev/parsedown-extra": "0.7.1",
                "leafo/scssphp": "0.7.6",
                "matthiasmullie/minify": "1.3.60",
                "myclabs/php-enum": "1.6.1",
                "php": "^5.6|^7.1",
                "symfony/filesystem": "2.8.41|3.4.11",
                "symfony/finder": "2.8.41|3.4.11",
                "symfony/process": "2.8.41|3.4.11",
                "symfony/yaml": "2.8.41|3.4.11",
                "twig/twig": "1.35.3|2.4.8"
            },
            "require-dev": {
                "php-coveralls/php-coveralls": "2.1.0",
                "phpunit/phpunit": "5.7.27|7.2.4",
                "sami/sami": "3.3.0|4.0.16"
            },
            "type": "library",
            "extra": {
                "branch-alias": {
                    "dev-master": "1.x-dev"
                }
            },
            "autoload": {
                "psr-4": {
                    "PHPoole\\": "src"
                }
            },
            "notification-url": "https://packagist.org/downloads/",
            "license": [
                "MIT"
            ],
            "authors": [
                {
                    "name": "Arnaud Ligny",
                    "email": "arnaud@ligny.org",
                    "homepage": "http://narno.org",
                    "role": "Developer"
                }
            ],
            "description": "An intuitive PHP library to create a static website.",
            "homepage": "https://github.com/Narno/PHPoole-library",
            "keywords": [
                "flat file",
                "generator",
                "markdown",
                "static",
                "twig",
                "website"
            ],
            "time": "2018-07-09T18:55:01+00:00"
        },
        {
            "name": "symfony/filesystem",
            "version": "v3.4.11",
            "source": {
                "type": "git",
                "url": "https://github.com/symfony/filesystem.git",
                "reference": "8e03ca3fa52a0f56b87506f38cf7bd3f9442b3a0"
            },
            "dist": {
                "type": "zip",
                "url": "https://api.github.com/repos/symfony/filesystem/zipball/8e03ca3fa52a0f56b87506f38cf7bd3f9442b3a0",
                "reference": "8e03ca3fa52a0f56b87506f38cf7bd3f9442b3a0",
                "shasum": ""
            },
            "require": {
                "php": "^5.5.9|>=7.0.8",
                "symfony/polyfill-ctype": "~1.8"
            },
            "type": "library",
            "extra": {
                "branch-alias": {
                    "dev-master": "3.4-dev"
                }
            },
            "autoload": {
                "psr-4": {
                    "Symfony\\Component\\Filesystem\\": ""
                },
                "exclude-from-classmap": [
                    "/Tests/"
                ]
            },
            "notification-url": "https://packagist.org/downloads/",
            "license": [
                "MIT"
            ],
            "authors": [
                {
                    "name": "Fabien Potencier",
                    "email": "fabien@symfony.com"
                },
                {
                    "name": "Symfony Community",
                    "homepage": "https://symfony.com/contributors"
                }
            ],
            "description": "Symfony Filesystem Component",
            "homepage": "https://symfony.com",
            "time": "2018-05-16T08:49:21+00:00"
        },
        {
            "name": "symfony/finder",
            "version": "v3.4.11",
            "source": {
                "type": "git",
                "url": "https://github.com/symfony/finder.git",
                "reference": "472a92f3df8b247b49ae364275fb32943b9656c6"
            },
            "dist": {
                "type": "zip",
                "url": "https://api.github.com/repos/symfony/finder/zipball/472a92f3df8b247b49ae364275fb32943b9656c6",
                "reference": "472a92f3df8b247b49ae364275fb32943b9656c6",
                "shasum": ""
            },
            "require": {
                "php": "^5.5.9|>=7.0.8"
            },
            "type": "library",
            "extra": {
                "branch-alias": {
                    "dev-master": "3.4-dev"
                }
            },
            "autoload": {
                "psr-4": {
                    "Symfony\\Component\\Finder\\": ""
                },
                "exclude-from-classmap": [
                    "/Tests/"
                ]
            },
            "notification-url": "https://packagist.org/downloads/",
            "license": [
                "MIT"
            ],
            "authors": [
                {
                    "name": "Fabien Potencier",
                    "email": "fabien@symfony.com"
                },
                {
                    "name": "Symfony Community",
                    "homepage": "https://symfony.com/contributors"
                }
            ],
            "description": "Symfony Finder Component",
            "homepage": "https://symfony.com",
            "time": "2018-05-16T08:49:21+00:00"
        },
        {
            "name": "symfony/polyfill-mbstring",
            "version": "v1.8.0",
            "source": {
                "type": "git",
                "url": "https://github.com/symfony/polyfill-mbstring.git",
                "reference": "3296adf6a6454a050679cde90f95350ad604b171"
            },
            "dist": {
                "type": "zip",
                "url": "https://api.github.com/repos/symfony/polyfill-mbstring/zipball/3296adf6a6454a050679cde90f95350ad604b171",
                "reference": "3296adf6a6454a050679cde90f95350ad604b171",
                "shasum": ""
            },
            "require": {
                "php": ">=5.3.3"
            },
            "suggest": {
                "ext-mbstring": "For best performance"
            },
            "type": "library",
            "extra": {
                "branch-alias": {
                    "dev-master": "1.8-dev"
                }
            },
            "autoload": {
                "psr-4": {
                    "Symfony\\Polyfill\\Mbstring\\": ""
                },
                "files": [
                    "bootstrap.php"
                ]
            },
            "notification-url": "https://packagist.org/downloads/",
            "license": [
                "MIT"
            ],
            "authors": [
                {
                    "name": "Nicolas Grekas",
                    "email": "p@tchwork.com"
                },
                {
                    "name": "Symfony Community",
                    "homepage": "https://symfony.com/contributors"
                }
            ],
            "description": "Symfony polyfill for the Mbstring extension",
            "homepage": "https://symfony.com",
            "keywords": [
                "compatibility",
                "mbstring",
                "polyfill",
                "portable",
                "shim"
            ],
            "time": "2018-04-26T10:06:28+00:00"
        },
        {
            "name": "symfony/process",
            "version": "v3.4.11",
            "source": {
                "type": "git",
                "url": "https://github.com/symfony/process.git",
                "reference": "4cbf2db9abcb01486a21b7a059e03a62fae63187"
            },
            "dist": {
                "type": "zip",
                "url": "https://api.github.com/repos/symfony/process/zipball/4cbf2db9abcb01486a21b7a059e03a62fae63187",
                "reference": "4cbf2db9abcb01486a21b7a059e03a62fae63187",
                "shasum": ""
            },
            "require": {
                "php": "^5.5.9|>=7.0.8"
            },
            "type": "library",
            "extra": {
                "branch-alias": {
                    "dev-master": "3.4-dev"
                }
            },
            "autoload": {
                "psr-4": {
                    "Symfony\\Component\\Process\\": ""
                },
                "exclude-from-classmap": [
                    "/Tests/"
                ]
            },
            "notification-url": "https://packagist.org/downloads/",
            "license": [
                "MIT"
            ],
            "authors": [
                {
                    "name": "Fabien Potencier",
                    "email": "fabien@symfony.com"
                },
                {
                    "name": "Symfony Community",
                    "homepage": "https://symfony.com/contributors"
                }
            ],
            "description": "Symfony Process Component",
            "homepage": "https://symfony.com",
            "time": "2018-05-16T08:49:21+00:00"
        },
        {
            "name": "twig/twig",
            "version": "v2.4.8",
            "source": {
                "type": "git",
                "url": "https://github.com/twigphp/Twig.git",
                "reference": "7b604c89da162034bdf4bb66310f358d313dd16d"
            },
            "dist": {
                "type": "zip",
                "url": "https://api.github.com/repos/twigphp/Twig/zipball/7b604c89da162034bdf4bb66310f358d313dd16d",
                "reference": "7b604c89da162034bdf4bb66310f358d313dd16d",
                "shasum": ""
            },
            "require": {
                "php": "^7.0",
                "symfony/polyfill-mbstring": "~1.0"
            },
            "require-dev": {
                "psr/container": "^1.0",
                "symfony/debug": "^2.7",
                "symfony/phpunit-bridge": "^3.3"
            },
            "type": "library",
            "extra": {
                "branch-alias": {
                    "dev-master": "2.4-dev"
                }
            },
            "autoload": {
                "psr-0": {
                    "Twig_": "lib/"
                },
                "psr-4": {
                    "Twig\\": "src/"
                }
            },
            "notification-url": "https://packagist.org/downloads/",
            "license": [
                "BSD-3-Clause"
            ],
            "authors": [
                {
                    "name": "Fabien Potencier",
                    "email": "fabien@symfony.com",
                    "homepage": "http://fabien.potencier.org",
                    "role": "Lead Developer"
                },
                {
                    "name": "Armin Ronacher",
                    "email": "armin.ronacher@active-4.com",
                    "role": "Project Founder"
                },
                {
                    "name": "Twig Team",
                    "homepage": "http://twig.sensiolabs.org/contributors",
                    "role": "Contributors"
                }
            ],
            "description": "Twig, the flexible, fast, and secure template language for PHP",
            "homepage": "http://twig.sensiolabs.org",
            "keywords": [
                "templating"
            ],
            "time": "2018-04-02T09:24:19+00:00"
        }
    ],
    "aliases": [],
    "minimum-stability": "stable",
    "stability-flags": [],
    "prefer-stable": false,
    "prefer-lowest": false,
    "platform": [],
    "platform-dev": []
}
